
Microsoft Visual Studio Solution File, Format Version 12.00
# Visual Studio Version 17
VisualStudioVersion = 17.14.36511.14 d17.14
MinimumVisualStudioVersion = 10.0.40219.1
Project("{FAE04EC0-301F-11D3-BF4B-00C04F79EFBC}") = "TranslateUnityGames", "TranslateUnityGames\TranslateUnityGames.csproj", "{9D524C83-84CA-4D31-9164-DCFC24BD4196}"
EndProject
Global
	GlobalSection(SolutionConfigurationPlatforms) = preSolution
		Debug|Any CPU = Debug|Any CPU
		Release|Any CPU = Release|Any CPU
	EndGlobalSection
	GlobalSection(ProjectConfigurationPlatforms) = postSolution
		{9D524C83-84CA-4D31-9164-DCFC24BD4196}.Debug|Any CPU.ActiveCfg = Debug|Any CPU
		{9D524C83-84CA-4D31-9164-DCFC24BD4196}.Debug|Any CPU.Build.0 = Debug|Any CPU
		{9D524C83-84CA-4D31-9164-DCFC24BD4196}.Release|Any CPU.ActiveCfg = Release|Any CPU
		{9D524C83-84CA-4D31-9164-DCFC24BD4196}.Release|Any CPU.Build.0 = Release|Any CPU
	EndGlobalSection
	GlobalSection(SolutionProperties) = preSolution
		HideSolutionNode = FALSE
	EndGlobalSection
	GlobalSection(ExtensibilityGlobals) = postSolution
		SolutionGuid = {D16175DC-D0FE-4F65-A700-2A7F863C2A37}
	EndGlobalSection
EndGlobal
